
Microsoft Visual Studio Solution File, Format Version 12.00
# Visual Studio 2013
VisualStudioVersion = 12.0.21005.1
MinimumVisualStudioVersion = 10.0.40219.1
Project("{FAE04EC0-301F-11D3-BF4B-00C04F79EFBC}") = "Stacks Joshua Paff", "Stacks Joshua Paff\Stacks Joshua Paff.csproj", "{702C5B72-8CCA-43E1-8274-0B6D66837619}"
EndProject
Project("{FAE04EC0-301F-11D3-BF4B-00C04F79EFBC}") = "UnitTestProjectStacks", "UnitTestProjectStacks\UnitTestProjectStacks.csproj", "{D00C6D6A-17FA-4FA1-8D92-0AD0062A30A1}"
EndProject
Global
	GlobalSection(SolutionConfigurationPlatforms) = preSolution
		Debug|Any CPU = Debug|Any CPU
		Release|Any CPU = Release|Any CPU
	EndGlobalSection
	GlobalSection(ProjectConfigurationPlatforms) = postSolution
		{702C5B72-8CCA-43E1-8274-0B6D66837619}.Debug|Any CPU.ActiveCfg = Debug|Any CPU
		{702C5B72-8CCA-43E1-8274-0B6D66837619}.Debug|Any CPU.Build.0 = Debug|Any CPU
		{702C5B72-8CCA-43E1-8274-0B6D66837619}.Release|Any CPU.ActiveCfg = Release|Any CPU
		{702C5B72-8CCA-43E1-8274-0B6D66837619}.Release|Any CPU.Build.0 = Release|Any CPU
		{D00C6D6A-17FA-4FA1-8D92-0AD0062A30A1}.Debug|Any CPU.ActiveCfg = Debug|Any CPU
		{D00C6D6A-17FA-4FA1-8D92-0AD0062A30A1}.Debug|Any CPU.Build.0 = Debug|Any CPU
		{D00C6D6A-17FA-4FA1-8D92-0AD0062A30A1}.Release|Any CPU.ActiveCfg = Release|Any CPU
		{D00C6D6A-17FA-4FA1-8D92-0AD0062A30A1}.Release|Any CPU.Build.0 = Release|Any CPU
	EndGlobalSection
	GlobalSection(SolutionProperties) = preSolution
		HideSolutionNode = FALSE
	EndGlobalSection
EndGlobal
