
Microsoft Visual Studio Solution File, Format Version 12.00
# Visual Studio 2013
VisualStudioVersion = 12.0.21005.1
MinimumVisualStudioVersion = 10.0.40219.1
Project("{FAE04EC0-301F-11D3-BF4B-00C04F79EFBC}") = "WorldSim", "WorldSim\WorldSim.csproj", "{49989919-17E5-4B67-8C78-44BF856F6558}"
EndProject
Global
	GlobalSection(SolutionConfigurationPlatforms) = preSolution
		Debug|Any CPU = Debug|Any CPU
		Release|Any CPU = Release|Any CPU
	EndGlobalSection
	GlobalSection(ProjectConfigurationPlatforms) = postSolution
		{49989919-17E5-4B67-8C78-44BF856F6558}.Debug|Any CPU.ActiveCfg = Debug|Any CPU
		{49989919-17E5-4B67-8C78-44BF856F6558}.Debug|Any CPU.Build.0 = Debug|Any CPU
		{49989919-17E5-4B67-8C78-44BF856F6558}.Release|Any CPU.ActiveCfg = Release|Any CPU
		{49989919-17E5-4B67-8C78-44BF856F6558}.Release|Any CPU.Build.0 = Release|Any CPU
	EndGlobalSection
	GlobalSection(SolutionProperties) = preSolution
		HideSolutionNode = FALSE
	EndGlobalSection
EndGlobal
