
Microsoft Visual Studio Solution File, Format Version 12.00
# Visual Studio 2013
VisualStudioVersion = 12.0.21005.1
MinimumVisualStudioVersion = 10.0.40219.1
Project("{FAE04EC0-301F-11D3-BF4B-00C04F79EFBC}") = "CustomControlHandlers", "CustomControlHandlers\CustomControlHandlers.csproj", "{CBFDAE5C-702B-4993-935E-DD1D0CB1461B}"
EndProject
Global
	GlobalSection(SolutionConfigurationPlatforms) = preSolution
		Debug|Any CPU = Debug|Any CPU
		Release|Any CPU = Release|Any CPU
	EndGlobalSection
	GlobalSection(ProjectConfigurationPlatforms) = postSolution
		{CBFDAE5C-702B-4993-935E-DD1D0CB1461B}.Debug|Any CPU.ActiveCfg = Debug|Any CPU
		{CBFDAE5C-702B-4993-935E-DD1D0CB1461B}.Debug|Any CPU.Build.0 = Debug|Any CPU
		{CBFDAE5C-702B-4993-935E-DD1D0CB1461B}.Release|Any CPU.ActiveCfg = Release|Any CPU
		{CBFDAE5C-702B-4993-935E-DD1D0CB1461B}.Release|Any CPU.Build.0 = Release|Any CPU
	EndGlobalSection
	GlobalSection(SolutionProperties) = preSolution
		HideSolutionNode = FALSE
	EndGlobalSection
EndGlobal
